
Microsoft Visual Studio Solution File, Format Version 12.00
# Visual Studio Version 17
VisualStudioVersion = 17.10.35013.160
MinimumVisualStudioVersion = 10.0.40219.1
Project("{FAE04EC0-301F-11D3-BF4B-00C04F79EFBC}") = "UFORoguelike", "UFORoguelike.csproj", "{FAAC6B2F-429C-405D-8E3B-FB1BBF5DF17D}"
EndProject
Global
	GlobalSection(SolutionConfigurationPlatforms) = preSolution
		Debug|Any CPU = Debug|Any CPU
		Release|Any CPU = Release|Any CPU
	EndGlobalSection
	GlobalSection(ProjectConfigurationPlatforms) = postSolution
		{FAAC6B2F-429C-405D-8E3B-FB1BBF5DF17D}.Debug|Any CPU.ActiveCfg = Debug|Any CPU
		{FAAC6B2F-429C-405D-8E3B-FB1BBF5DF17D}.Debug|Any CPU.Build.0 = Debug|Any CPU
		{FAAC6B2F-429C-405D-8E3B-FB1BBF5DF17D}.Release|Any CPU.ActiveCfg = Release|Any CPU
		{FAAC6B2F-429C-405D-8E3B-FB1BBF5DF17D}.Release|Any CPU.Build.0 = Release|Any CPU
	EndGlobalSection
	GlobalSection(SolutionProperties) = preSolution
		HideSolutionNode = FALSE
	EndGlobalSection
	GlobalSection(ExtensibilityGlobals) = postSolution
		SolutionGuid = {B0F73CB3-1829-4E3F-8500-0A4E5CF5C9E5}
	EndGlobalSection
EndGlobal
